// !$*UTF8*$!
{
	archiveVersion = 1;
	classes = {
	};
	objectVersion = 46;
	objects = {

/* Begin PBXBuildFile section */
		61B0605B1B74A0D800059AC5 /* main.m in Sources */ = {isa = PBXBuildFile; fileRef = 61B0605A1B74A0D800059AC5 /* main.m */; };
		61B060661B74A0D800059AC5 /* Images.xcassets in Resources */ = {isa = PBXBuildFile; fileRef = 61B060651B74A0D800059AC5 /* Images.xcassets */; };
		61B060691B74A0D800059AC5 /* LaunchScreen.xib in Resources */ = {isa = PBXBuildFile; fileRef = 61B060671B74A0D800059AC5 /* LaunchScreen.xib */; };
		61B060881B74A62100059AC5 /* AppDelegate.m in Sources */ = {isa = PBXBuildFile; fileRef = 61B060811B74A62100059AC5 /* AppDelegate.m */; };
		61B060891B74A62100059AC5 /* BootLogic.m in Sources */ = {isa = PBXBuildFile; fileRef = 61B060831B74A62100059AC5 /* BootLogic.m */; };
		61B0608A1B74A62100059AC5 /* ConsoleScreen.m in Sources */ = {isa = PBXBuildFile; fileRef = 61B060851B74A62100059AC5 /* ConsoleScreen.m */; };
		61B0608B1B74A62100059AC5 /* MainScreen.m in Sources */ = {isa = PBXBuildFile; fileRef = 61B060871B74A62100059AC5 /* MainScreen.m */; };
		61B060C41B74B89E00059AC5 /* DemoFunction.m in Sources */ = {isa = PBXBuildFile; fileRef = 61B060C31B74B89E00059AC5 /* DemoFunction.m */; };
		61D97C2F1B78B58E00B31339 /* DemoSelector.m in Sources */ = {isa = PBXBuildFile; fileRef = 61D97C2D1B78B58E00B31339 /* DemoSelector.m */; };
		61D97C301B78B58E00B31339 /* DemoSelector.xib in Resources */ = {isa = PBXBuildFile; fileRef = 61D97C2E1B78B58E00B31339 /* DemoSelector.xib */; };
/* End PBXBuildFile section */

/* Begin PBXFileReference section */
		61B060551B74A0D800059AC5 /* ObjExample.app */ = {isa = PBXFileReference; explicitFileType = wrapper.application; includeInIndex = 0; path = ObjExample.app; sourceTree = BUILT_PRODUCTS_DIR; };
		61B060591B74A0D800059AC5 /* Info.plist */ = {isa = PBXFileReference; lastKnownFileType = text.plist.xml; path = Info.plist; sourceTree = "<group>"; };
		61B0605A1B74A0D800059AC5 /* main.m */ = {isa = PBXFileReference; lastKnownFileType = sourcecode.c.objc; path = main.m; sourceTree = "<group>"; };
		61B060651B74A0D800059AC5 /* Images.xcassets */ = {isa = PBXFileReference; lastKnownFileType = folder.assetcatalog; path = Images.xcassets; sourceTree = "<group>"; };
		61B060681B74A0D800059AC5 /* Base */ = {isa = PBXFileReference; lastKnownFileType = file.xib; name = Base; path = Base.lproj/LaunchScreen.xib; sourceTree = "<group>"; };
		61B060731B74A0D800059AC5 /* Info.plist */ = {isa = PBXFileReference; lastKnownFileType = text.plist.xml; path = Info.plist; sourceTree = "<group>"; };
		61B060741B74A0D800059AC5 /* ObjExampleTests.m */ = {isa = PBXFileReference; lastKnownFileType = sourcecode.c.objc; path = ObjExampleTests.m; sourceTree = "<group>"; };
		61B060801B74A62100059AC5 /* AppDelegate.h */ = {isa = PBXFileReference; fileEncoding = 4; lastKnownFileType = sourcecode.c.h; path = AppDelegate.h; sourceTree = "<group>"; };
		61B060811B74A62100059AC5 /* AppDelegate.m */ = {isa = PBXFileReference; fileEncoding = 4; lastKnownFileType = sourcecode.c.objc; path = AppDelegate.m; sourceTree = "<group>"; };
		61B060821B74A62100059AC5 /* BootLogic.h */ = {isa = PBXFileReference; fileEncoding = 4; lastKnownFileType = sourcecode.c.h; path = BootLogic.h; sourceTree = "<group>"; };
		61B060831B74A62100059AC5 /* BootLogic.m */ = {isa = PBXFileReference; fileEncoding = 4; lastKnownFileType = sourcecode.c.objc; path = BootLogic.m; sourceTree = "<group>"; };
		61B060841B74A62100059AC5 /* ConsoleScreen.h */ = {isa = PBXFileReference; fileEncoding = 4; lastKnownFileType = sourcecode.c.h; path = ConsoleScreen.h; sourceTree = "<group>"; };
		61B060851B74A62100059AC5 /* ConsoleScreen.m */ = {isa = PBXFileReference; fileEncoding = 4; lastKnownFileType = sourcecode.c.objc; path = ConsoleScreen.m; sourceTree = "<group>"; };
		61B060861B74A62100059AC5 /* MainScreen.h */ = {isa = PBXFileReference; fileEncoding = 4; lastKnownFileType = sourcecode.c.h; path = MainScreen.h; sourceTree = "<group>"; };
		61B060871B74A62100059AC5 /* MainScreen.m */ = {isa = PBXFileReference; fileEncoding = 4; lastKnownFileType = sourcecode.c.objc; path = MainScreen.m; sourceTree = "<group>"; };
		61B060C21B74B89E00059AC5 /* DemoFunction.h */ = {isa = PBXFileReference; fileEncoding = 4; lastKnownFileType = sourcecode.c.h; path = DemoFunction.h; sourceTree = "<group>"; };
		61B060C31B74B89E00059AC5 /* DemoFunction.m */ = {isa = PBXFileReference; fileEncoding = 4; lastKnownFileType = sourcecode.c.objc; path = DemoFunction.m; sourceTree = "<group>"; };
		61D97C2C1B78B58E00B31339 /* DemoSelector.h */ = {isa = PBXFileReference; fileEncoding = 4; lastKnownFileType = sourcecode.c.h; path = DemoSelector.h; sourceTree = "<group>"; };
		61D97C2D1B78B58E00B31339 /* DemoSelector.m */ = {isa = PBXFileReference; fileEncoding = 4; lastKnownFileType = sourcecode.c.objc; path = DemoSelector.m; sourceTree = "<group>"; };
		61D97C2E1B78B58E00B31339 /* DemoSelector.xib */ = {isa = PBXFileReference; fileEncoding = 4; lastKnownFileType = file.xib; path = DemoSelector.xib; sourceTree = "<group>"; };
/* End PBXFileReference section */

/* Begin PBXFrameworksBuildPhase section */
		61B060521B74A0D700059AC5 /* Frameworks */ = {
			isa = PBXFrameworksBuildPhase;
			buildActionMask = 2147483647;
			files = (
			);
			runOnlyForDeploymentPostprocessing = 0;
		};
/* End PBXFrameworksBuildPhase section */

/* Begin PBXGroup section */
		61B0604C1B74A0D700059AC5 = {
			isa = PBXGroup;
			children = (
				61B060571B74A0D800059AC5 /* ObjExample */,
				61B060711B74A0D800059AC5 /* ObjExampleTests */,
				61B060561B74A0D800059AC5 /* Products */,
			);
			sourceTree = "<group>";
		};
		61B060561B74A0D800059AC5 /* Products */ = {
			isa = PBXGroup;
			children = (
				61B060551B74A0D800059AC5 /* ObjExample.app */,
			);
			name = Products;
			sourceTree = "<group>";
		};
		61B060571B74A0D800059AC5 /* ObjExample */ = {
			isa = PBXGroup;
			children = (
				61B0607F1B74A5FA00059AC5 /* Core */,
				61B060BE1B74B72D00059AC5 /* Basic */,
				61B060651B74A0D800059AC5 /* Images.xcassets */,
				61B060671B74A0D800059AC5 /* LaunchScreen.xib */,
				61B060581B74A0D800059AC5 /* Supporting Files */,
			);
			path = ObjExample;
			sourceTree = "<group>";
		};
		61B060581B74A0D800059AC5 /* Supporting Files */ = {
			isa = PBXGroup;
			children = (
				61B060591B74A0D800059AC5 /* Info.plist */,
				61B0605A1B74A0D800059AC5 /* main.m */,
			);
			name = "Supporting Files";
			sourceTree = "<group>";
		};
		61B060711B74A0D800059AC5 /* ObjExampleTests */ = {
			isa = PBXGroup;
			children = (
				61B060741B74A0D800059AC5 /* ObjExampleTests.m */,
				61B060721B74A0D800059AC5 /* Supporting Files */,
			);
			path = ObjExampleTests;
			sourceTree = "<group>";
		};
		61B060721B74A0D800059AC5 /* Supporting Files */ = {
			isa = PBXGroup;
			children = (
				61B060731B74A0D800059AC5 /* Info.plist */,
			);
			name = "Supporting Files";
			sourceTree = "<group>";
		};
		61B0607F1B74A5FA00059AC5 /* Core */ = {
			isa = PBXGroup;
			children = (
				61B060801B74A62100059AC5 /* AppDelegate.h */,
				61B060811B74A62100059AC5 /* AppDelegate.m */,
				61B060821B74A62100059AC5 /* BootLogic.h */,
				61B060831B74A62100059AC5 /* BootLogic.m */,
				61B060841B74A62100059AC5 /* ConsoleScreen.h */,
				61B060851B74A62100059AC5 /* ConsoleScreen.m */,
				61B060861B74A62100059AC5 /* MainScreen.h */,
				61B060871B74A62100059AC5 /* MainScreen.m */,
			);
			name = Core;
			sourceTree = "<group>";
		};
		61B060BE1B74B72D00059AC5 /* Basic */ = {
			isa = PBXGroup;
			children = (
				61B060C21B74B89E00059AC5 /* DemoFunction.h */,
				61B060C31B74B89E00059AC5 /* DemoFunction.m */,
				61D97C2C1B78B58E00B31339 /* DemoSelector.h */,
				61D97C2D1B78B58E00B31339 /* DemoSelector.m */,
				61D97C2E1B78B58E00B31339 /* DemoSelector.xib */,
			);
			name = Basic;
			sourceTree = "<group>";
		};
/* End PBXGroup section */

/* Begin PBXNativeTarget section */
		61B060541B74A0D700059AC5 /* ObjExample */ = {
			isa = PBXNativeTarget;
			buildConfigurationList = 61B060781B74A0D800059AC5 /* Build configuration list for PBXNativeTarget "ObjExample" */;
			buildPhases = (
				61B060511B74A0D700059AC5 /* Sources */,
				61B060521B74A0D700059AC5 /* Frameworks */,
				61B060531B74A0D700059AC5 /* Resources */,
			);
			buildRules = (
			);
			dependencies = (
			);
			name = ObjExample;
			productName = ObjExample;
			productReference = 61B060551B74A0D800059AC5 /* ObjExample.app */;
			productType = "com.apple.product-type.application";
		};
/* End PBXNativeTarget section */

/* Begin PBXProject section */
		61B0604D1B74A0D700059AC5 /* Project object */ = {
			isa = PBXProject;
			attributes = {
				LastUpgradeCheck = 0640;
				ORGANIZATIONNAME = hiepnq;
				TargetAttributes = {
					61B060541B74A0D700059AC5 = {
						CreatedOnToolsVersion = 6.4;
					};
				};
			};
			buildConfigurationList = 61B060501B74A0D700059AC5 /* Build configuration list for PBXProject "ObjExample" */;
			compatibilityVersion = "Xcode 3.2";
			developmentRegion = English;
			hasScannedForEncodings = 0;
			knownRegions = (
				en,
				Base,
			);
			mainGroup = 61B0604C1B74A0D700059AC5;
			productRefGroup = 61B060561B74A0D800059AC5 /* Products */;
			projectDirPath = "";
			projectRoot = "";
			targets = (
				61B060541B74A0D700059AC5 /* ObjExample */,
			);
		};
/* End PBXProject section */

/* Begin PBXResourcesBuildPhase section */
		61B060531B74A0D700059AC5 /* Resources */ = {
			isa = PBXResourcesBuildPhase;
			buildActionMask = 2147483647;
			files = (
				61B060691B74A0D800059AC5 /* LaunchScreen.xib in Resources */,
				61D97C301B78B58E00B31339 /* DemoSelector.xib in Resources */,
				61B060661B74A0D800059AC5 /* Images.xcassets in Resources */,
			);
			runOnlyForDeploymentPostprocessing = 0;
		};
/* End PBXResourcesBuildPhase section */

/* Begin PBXSourcesBuildPhase section */
		61B060511B74A0D700059AC5 /* Sources */ = {
			isa = PBXSourcesBuildPhase;
			buildActionMask = 2147483647;
			files = (
				61B060891B74A62100059AC5 /* BootLogic.m in Sources */,
				61B0608B1B74A62100059AC5 /* MainScreen.m in Sources */,
				61B0608A1B74A62100059AC5 /* ConsoleScreen.m in Sources */,
				61B060881B74A62100059AC5 /* AppDelegate.m in Sources */,
				61B060C41B74B89E00059AC5 /* DemoFunction.m in Sources */,
				61D97C2F1B78B58E00B31339 /* DemoSelector.m in Sources */,
				61B0605B1B74A0D800059AC5 /* main.m in Sources */,
			);
			runOnlyForDeploymentPostprocessing = 0;
		};
/* End PBXSourcesBuildPhase section */

/* Begin PBXVariantGroup section */
		61B060671B74A0D800059AC5 /* LaunchScreen.xib */ = {
			isa = PBXVariantGroup;
			children = (
				61B060681B74A0D800059AC5 /* Base */,
			);
			name = LaunchScreen.xib;
			sourceTree = "<group>";
		};
/* End PBXVariantGroup section */

/* Begin XCBuildConfiguration section */
		61B060761B74A0D800059AC5 /* Debug */ = {
			isa = XCBuildConfiguration;
			buildSettings = {
				ALWAYS_SEARCH_USER_PATHS = NO;
				CLANG_CXX_LANGUAGE_STANDARD = "gnu++0x";
				CLANG_CXX_LIBRARY = "libc++";
				CLANG_ENABLE_MODULES = YES;
				CLANG_ENABLE_OBJC_ARC = YES;
				CLANG_WARN_BOOL_CONVERSION = YES;
				CLANG_WARN_CONSTANT_CONVERSION = YES;
				CLANG_WARN_DIRECT_OBJC_ISA_USAGE = YES_ERROR;
				CLANG_WARN_EMPTY_BODY = YES;
				CLANG_WARN_ENUM_CONVERSION = YES;
				CLANG_WARN_INT_CONVERSION = YES;
				CLANG_WARN_OBJC_ROOT_CLASS = YES_ERROR;
				CLANG_WARN_UNREACHABLE_CODE = YES;
				CLANG_WARN__DUPLICATE_METHOD_MATCH = YES;
				"CODE_SIGN_IDENTITY[sdk=iphoneos*]" = "iPhone Developer";
				COPY_PHASE_STRIP = NO;
				DEBUG_INFORMATION_FORMAT = "dwarf-with-dsym";
				ENABLE_STRICT_OBJC_MSGSEND = YES;
				GCC_C_LANGUAGE_STANDARD = gnu99;
				GCC_DYNAMIC_NO_PIC = NO;
				GCC_NO_COMMON_BLOCKS = YES;
				GCC_OPTIMIZATION_LEVEL = 0;
				GCC_PREPROCESSOR_DEFINITIONS = (
					"DEBUG=1",
					"$(inherited)",
				);
				GCC_SYMBOLS_PRIVATE_EXTERN = NO;
				GCC_WARN_64_TO_32_BIT_CONVERSION = YES;
				GCC_WARN_ABOUT_RETURN_TYPE = YES_ERROR;
				GCC_WARN_UNDECLARED_SELECTOR = YES;
				GCC_WARN_UNINITIALIZED_AUTOS = YES_AGGRESSIVE;
				GCC_WARN_UNUSED_FUNCTION = YES;
				GCC_WARN_UNUSED_VARIABLE = YES;
				IPHONEOS_DEPLOYMENT_TARGET = 8.4;
				MTL_ENABLE_DEBUG_INFO = YES;
				ONLY_ACTIVE_ARCH = YES;
				SDKROOT = iphoneos;
			};
			name = Debug;
		};
		61B060771B74A0D800059AC5 /* Release */ = {
			isa = XCBuildConfiguration;
			buildSettings = {
				ALWAYS_SEARCH_USER_PATHS = NO;
				CLANG_CXX_LANGUAGE_STANDARD = "gnu++0x";
				CLANG_CXX_LIBRARY = "libc++";
				CLANG_ENABLE_MODULES = YES;
				CLANG_ENABLE_OBJC_ARC = YES;
				CLANG_WARN_BOOL_CONVERSION = YES;
				CLANG_WARN_CONSTANT_CONVERSION = YES;
				CLANG_WARN_DIRECT_OBJC_ISA_USAGE = YES_ERROR;
				CLANG_WARN_EMPTY_BODY = YES;
				CLANG_WARN_ENUM_CONVERSION = YES;
				CLANG_WARN_INT_CONVERSION = YES;
				CLANG_WARN_OBJC_ROOT_CLASS = YES_ERROR;
				CLANG_WARN_UNREACHABLE_CODE = YES;
				CLANG_WARN__DUPLICATE_METHOD_MATCH = YES;
				"CODE_SIGN_IDENTITY[sdk=iphoneos*]" = "iPhone Developer";
				COPY_PHASE_STRIP = NO;
				DEBUG_INFORMATION_FORMAT = "dwarf-with-dsym";
				ENABLE_NS_ASSERTIONS = NO;
				ENABLE_STRICT_OBJC_MSGSEND = YES;
				GCC_C_LANGUAGE_STANDARD = gnu99;
				GCC_NO_COMMON_BLOCKS = YES;
				GCC_WARN_64_TO_32_BIT_CONVERSION = YES;
				GCC_WARN_ABOUT_RETURN_TYPE = YES_ERROR;
				GCC_WARN_UNDECLARED_SELECTOR = YES;
				GCC_WARN_UNINITIALIZED_AUTOS = YES_AGGRESSIVE;
				GCC_WARN_UNUSED_FUNCTION = YES;
				GCC_WARN_UNUSED_VARIABLE = YES;
				IPHONEOS_DEPLOYMENT_TARGET = 8.4;
				MTL_ENABLE_DEBUG_INFO = NO;
				SDKROOT = iphoneos;
				VALIDATE_PRODUCT = YES;
			};
			name = Release;
		};
		61B060791B74A0D800059AC5 /* Debug */ = {
			isa = XCBuildConfiguration;
			buildSettings = {
				ASSETCATALOG_COMPILER_APPICON_NAME = AppIcon;
				INFOPLIST_FILE = ObjExample/Info.plist;
				LD_RUNPATH_SEARCH_PATHS = "$(inherited) @executable_path/Frameworks";
				PRODUCT_NAME = "$(TARGET_NAME)";
			};
			name = Debug;
		};
		61B0607A1B74A0D800059AC5 /* Release */ = {
			isa = XCBuildConfiguration;
			buildSettings = {
				ASSETCATALOG_COMPILER_APPICON_NAME = AppIcon;
				INFOPLIST_FILE = ObjExample/Info.plist;
				LD_RUNPATH_SEARCH_PATHS = "$(inherited) @executable_path/Frameworks";
				PRODUCT_NAME = "$(TARGET_NAME)";
			};
			name = Release;
		};
/* End XCBuildConfiguration section */

/* Begin XCConfigurationList section */
		61B060501B74A0D700059AC5 /* Build configuration list for PBXProject "ObjExample" */ = {
			isa = XCConfigurationList;
			buildConfigurations = (
				61B060761B74A0D800059AC5 /* Debug */,
				61B060771B74A0D800059AC5 /* Release */,
			);
			defaultConfigurationIsVisible = 0;
			defaultConfigurationName = Release;
		};
		61B060781B74A0D800059AC5 /* Build configuration list for PBXNativeTarget "ObjExample" */ = {
			isa = XCConfigurationList;
			buildConfigurations = (
				61B060791B74A0D800059AC5 /* Debug */,
				61B0607A1B74A0D800059AC5 /* Release */,
			);
			defaultConfigurationIsVisible = 0;
			defaultConfigurationName = Release;
		};
/* End XCConfigurationList section */
	};
	rootObject = 61B0604D1B74A0D700059AC5 /* Project object */;
}
